PODS:
  - SwiftFormat/CLI (0.46.3)
  - SwiftLint (0.41.0)

DEPENDENCIES:
  - SwiftFormat/CLI
  - SwiftLint

SPEC REPOS:
  trunk:
    - SwiftFormat
    - SwiftLint

SPEC CHECKSUMS:
  SwiftFormat: b639417da9e024b9e782f917bc9a080cf75bcb37
  SwiftLint: c585ebd615d9520d7fbdbe151f527977b0534f1e

PODFILE CHECKSUM: d4e656a33d3d83abf3e52d3186bf7c342c0a7f2c

COCOAPODS: 1.10.0
