// !$*UTF8*$!
{
	archiveVersion = 1;
	classes = {
	};
	objectVersion = 52;
	objects = {

/* Begin PBXBuildFile section */
		2832CA361CD688E9001D3373 /* AppDelegate.swift in Sources */ = {isa = PBXBuildFile; fileRef = 2832CA351CD688E9001D3373 /* AppDelegate.swift */; };
		2832CA3A1CD688E9001D3373 /* Assets.xcassets in Resources */ = {isa = PBXBuildFile; fileRef = 2832CA391CD688E9001D3373 /* Assets.xcassets */; };
		2832CA3D1CD688E9001D3373 /* Main.storyboard in Resources */ = {isa = PBXBuildFile; fileRef = 2832CA3B1CD688E9001D3373 /* Main.storyboard */; };
		E9C85A4A2573DD7800436023 /* Pods_QBlocker.framework in Frameworks */ = {isa = PBXBuildFile; fileRef = 9AE2D0BFC44767B8D2FE86C2 /* Pods_QBlocker.framework */; };
		E9C85A772573E03300436023 /* Realm in Frameworks */ = {isa = PBXBuildFile; productRef = E9C85A762573E03300436023 /* Realm */; };
		E9C85A792573E03300436023 /* RealmSwift in Frameworks */ = {isa = PBXBuildFile; productRef = E9C85A782573E03300436023 /* RealmSwift */; };
		E9C85A8C2573E28E00436023 /* AppDelegate.swift in Sources */ = {isa = PBXBuildFile; fileRef = E9C85A882573E28E00436023 /* AppDelegate.swift */; };
		E9C85AAC2573E2E000436023 /* ExcludeViewController+NSTableViewDelegate.swift in Sources */ = {isa = PBXBuildFile; fileRef = E9C85A922573E2E000436023 /* ExcludeViewController+NSTableViewDelegate.swift */; };
		E9C85AAD2573E2E000436023 /* ExcludeViewController+NSTableViewDataSource.swift in Sources */ = {isa = PBXBuildFile; fileRef = E9C85A932573E2E000436023 /* ExcludeViewController+NSTableViewDataSource.swift */; };
		E9C85AAE2573E2E000436023 /* KeyListener+Realm.swift in Sources */ = {isa = PBXBuildFile; fileRef = E9C85A942573E2E000436023 /* KeyListener+Realm.swift */; };
		E9C85AAF2573E2E000436023 /* NSApplication+LaunchServices.m in Sources */ = {isa = PBXBuildFile; fileRef = E9C85A962573E2E000436023 /* NSApplication+LaunchServices.m */; };
		E9C85AB02573E2E000436023 /* ListMode.swift in Sources */ = {isa = PBXBuildFile; fileRef = E9C85A992573E2E000436023 /* ListMode.swift */; };
		E9C85AB12573E2E000436023 /* KeyListener.swift in Sources */ = {isa = PBXBuildFile; fileRef = E9C85A9A2573E2E000436023 /* KeyListener.swift */; };
		E9C85AB22573E2E000436023 /* KeyListenerError.swift in Sources */ = {isa = PBXBuildFile; fileRef = E9C85A9B2573E2E000436023 /* KeyListenerError.swift */; };
		E9C85AB32573E2E000436023 /* Delay.swift in Sources */ = {isa = PBXBuildFile; fileRef = E9C85A9C2573E2E000436023 /* Delay.swift */; };
		E9C85AB42573E2E000436023 /* CocoaSwiftSupport.swift in Sources */ = {isa = PBXBuildFile; fileRef = E9C85A9D2573E2E000436023 /* CocoaSwiftSupport.swift */; };
		E9C85AB52573E2E000436023 /* AtLogin.swift in Sources */ = {isa = PBXBuildFile; fileRef = E9C85A9E2573E2E000436023 /* AtLogin.swift */; };
		E9C85AB62573E2E000436023 /* App.swift in Sources */ = {isa = PBXBuildFile; fileRef = E9C85A9F2573E2E000436023 /* App.swift */; };
		E9C85AB72573E2E000436023 /* AccessibilityWindowController.swift in Sources */ = {isa = PBXBuildFile; fileRef = E9C85AA22573E2E000436023 /* AccessibilityWindowController.swift */; };
		E9C85AB82573E2E000436023 /* ExcludeWindowController.swift in Sources */ = {isa = PBXBuildFile; fileRef = E9C85AA32573E2E000436023 /* ExcludeWindowController.swift */; };
		E9C85AB92573E2E000436023 /* StatusMenuController.swift in Sources */ = {isa = PBXBuildFile; fileRef = E9C85AA42573E2E000436023 /* StatusMenuController.swift */; };
		E9C85ABA2573E2E000436023 /* HUDView.swift in Sources */ = {isa = PBXBuildFile; fileRef = E9C85AA62573E2E000436023 /* HUDView.swift */; };
		E9C85ABB2573E2E000436023 /* HUDAlert.swift in Sources */ = {isa = PBXBuildFile; fileRef = E9C85AA72573E2E000436023 /* HUDAlert.swift */; };
		E9C85ABC2573E2E000436023 /* AccessibilityViewController.swift in Sources */ = {isa = PBXBuildFile; fileRef = E9C85AA92573E2E000436023 /* AccessibilityViewController.swift */; };
		E9C85ABD2573E2E000436023 /* ExcludeViewController.swift in Sources */ = {isa = PBXBuildFile; fileRef = E9C85AAA2573E2E000436023 /* ExcludeViewController.swift */; };
		E9C85ABE2573E2E000436023 /* FirstRunViewController.swift in Sources */ = {isa = PBXBuildFile; fileRef = E9C85AAB2573E2E000436023 /* FirstRunViewController.swift */; };
/* End PBXBuildFile section */

/* Begin PBXFileReference section */
		2832CA321CD688E9001D3373 /* QBlocker 1.3 beta 1.app */ = {isa = PBXFileReference; explicitFileType = wrapper.application; includeInIndex = 0; path = "QBlocker 1.3 beta 1.app"; sourceTree = BUILT_PRODUCTS_DIR; };
		2832CA351CD688E9001D3373 /* AppDelegate.swift */ = {isa = PBXFileReference; lastKnownFileType = sourcecode.swift; path = AppDelegate.swift; sourceTree = "<group>"; };
		2832CA391CD688E9001D3373 /* Assets.xcassets */ = {isa = PBXFileReference; lastKnownFileType = folder.assetcatalog; path = Assets.xcassets; sourceTree = "<group>"; };
		2832CA3C1CD688E9001D3373 /* Base */ = {isa = PBXFileReference; lastKnownFileType = file.storyboard; name = Base; path = Base.lproj/Main.storyboard; sourceTree = "<group>"; };
		2832CA3E1CD688E9001D3373 /* Info.plist */ = {isa = PBXFileReference; lastKnownFileType = text.plist.xml; path = Info.plist; sourceTree = "<group>"; };
		2879D1171CDA529C00B64F00 /* Bridge.h */ = {isa = PBXFileReference; lastKnownFileType = sourcecode.c.h; path = Bridge.h; sourceTree = "<group>"; };
		55B461F5EE3BE302188BAC0C /* Pods-QBlocker.debug.xcconfig */ = {isa = PBXFileReference; includeInIndex = 1; lastKnownFileType = text.xcconfig; name = "Pods-QBlocker.debug.xcconfig"; path = "Pods/Target Support Files/Pods-QBlocker/Pods-QBlocker.debug.xcconfig"; sourceTree = "<group>"; };
		9AE2D0BFC44767B8D2FE86C2 /* Pods_QBlocker.framework */ = {isa = PBXFileReference; explicitFileType = wrapper.framework; includeInIndex = 0; path = Pods_QBlocker.framework; sourceTree = BUILT_PRODUCTS_DIR; };
		A3F762D47D17E2933604A226 /* Pods-QBlocker.release.xcconfig */ = {isa = PBXFileReference; includeInIndex = 1; lastKnownFileType = text.xcconfig; name = "Pods-QBlocker.release.xcconfig"; path = "Pods/Target Support Files/Pods-QBlocker/Pods-QBlocker.release.xcconfig"; sourceTree = "<group>"; };
		B12B3DD321AEF3AC00BAE6B6 /* QBlocker.entitlements */ = {isa = PBXFileReference; lastKnownFileType = text.plist.entitlements; path = QBlocker.entitlements; sourceTree = "<group>"; };
		E9C85A882573E28E00436023 /* AppDelegate.swift */ = {isa = PBXFileReference; fileEncoding = 4; lastKnownFileType = sourcecode.swift; path = AppDelegate.swift; sourceTree = "<group>"; };
		E9C85A922573E2E000436023 /* ExcludeViewController+NSTableViewDelegate.swift */ = {isa = PBXFileReference; fileEncoding = 4; lastKnownFileType = sourcecode.swift; path = "ExcludeViewController+NSTableViewDelegate.swift"; sourceTree = "<group>"; };
		E9C85A932573E2E000436023 /* ExcludeViewController+NSTableViewDataSource.swift */ = {isa = PBXFileReference; fileEncoding = 4; lastKnownFileType = sourcecode.swift; path = "ExcludeViewController+NSTableViewDataSource.swift"; sourceTree = "<group>"; };
		E9C85A942573E2E000436023 /* KeyListener+Realm.swift */ = {isa = PBXFileReference; fileEncoding = 4; lastKnownFileType = sourcecode.swift; path = "KeyListener+Realm.swift"; sourceTree = "<group>"; };
		E9C85A962573E2E000436023 /* NSApplication+LaunchServices.m */ = {isa = PBXFileReference; fileEncoding = 4; lastKnownFileType = sourcecode.c.objc; path = "NSApplication+LaunchServices.m"; sourceTree = "<group>"; };
		E9C85A972573E2E000436023 /* NSApplication+LaunchServices.h */ = {isa = PBXFileReference; fileEncoding = 4; lastKnownFileType = sourcecode.c.h; path = "NSApplication+LaunchServices.h"; sourceTree = "<group>"; };
		E9C85A992573E2E000436023 /* ListMode.swift */ = {isa = PBXFileReference; fileEncoding = 4; lastKnownFileType = sourcecode.swift; path = ListMode.swift; sourceTree = "<group>"; };
		E9C85A9A2573E2E000436023 /* KeyListener.swift */ = {isa = PBXFileReference; fileEncoding = 4; lastKnownFileType = sourcecode.swift; path = KeyListener.swift; sourceTree = "<group>"; };
		E9C85A9B2573E2E000436023 /* KeyListenerError.swift */ = {isa = PBXFileReference; fileEncoding = 4; lastKnownFileType = sourcecode.swift; path = KeyListenerError.swift; sourceTree = "<group>"; };
		E9C85A9C2573E2E000436023 /* Delay.swift */ = {isa = PBXFileReference; fileEncoding = 4; lastKnownFileType = sourcecode.swift; path = Delay.swift; sourceTree = "<group>"; };
		E9C85A9D2573E2E000436023 /* CocoaSwiftSupport.swift */ = {isa = PBXFileReference; fileEncoding = 4; lastKnownFileType = sourcecode.swift; path = CocoaSwiftSupport.swift; sourceTree = "<group>"; };
		E9C85A9E2573E2E000436023 /* AtLogin.swift */ = {isa = PBXFileReference; fileEncoding = 4; lastKnownFileType = sourcecode.swift; path = AtLogin.swift; sourceTree = "<group>"; };
		E9C85A9F2573E2E000436023 /* App.swift */ = {isa = PBXFileReference; fileEncoding = 4; lastKnownFileType = sourcecode.swift; path = App.swift; sourceTree = "<group>"; };
		E9C85AA22573E2E000436023 /* AccessibilityWindowController.swift */ = {isa = PBXFileReference; fileEncoding = 4; lastKnownFileType = sourcecode.swift; path = AccessibilityWindowController.swift; sourceTree = "<group>"; };
		E9C85AA32573E2E000436023 /* ExcludeWindowController.swift */ = {isa = PBXFileReference; fileEncoding = 4; lastKnownFileType = sourcecode.swift; path = ExcludeWindowController.swift; sourceTree = "<group>"; };
		E9C85AA42573E2E000436023 /* StatusMenuController.swift */ = {isa = PBXFileReference; fileEncoding = 4; lastKnownFileType = sourcecode.swift; path = StatusMenuController.swift; sourceTree = "<group>"; };
		E9C85AA62573E2E000436023 /* HUDView.swift */ = {isa = PBXFileReference; fileEncoding = 4; lastKnownFileType = sourcecode.swift; path = HUDView.swift; sourceTree = "<group>"; };
		E9C85AA72573E2E000436023 /* HUDAlert.swift */ = {isa = PBXFileReference; fileEncoding = 4; lastKnownFileType = sourcecode.swift; path = HUDAlert.swift; sourceTree = "<group>"; };
		E9C85AA92573E2E000436023 /* AccessibilityViewController.swift */ = {isa = PBXFileReference; fileEncoding = 4; lastKnownFileType = sourcecode.swift; path = AccessibilityViewController.swift; sourceTree = "<group>"; };
		E9C85AAA2573E2E000436023 /* ExcludeViewController.swift */ = {isa = PBXFileReference; fileEncoding = 4; lastKnownFileType = sourcecode.swift; path = ExcludeViewController.swift; sourceTree = "<group>"; };
		E9C85AAB2573E2E000436023 /* FirstRunViewController.swift */ = {isa = PBXFileReference; fileEncoding = 4; lastKnownFileType = sourcecode.swift; path = FirstRunViewController.swift; sourceTree = "<group>"; };
/* End PBXFileReference section */

/* Begin PBXFrameworksBuildPhase section */
		2832CA2F1CD688E9001D3373 /* Frameworks */ = {
			isa = PBXFrameworksBuildPhase;
			buildActionMask = 2147483647;
			files = (
				E9C85A792573E03300436023 /* RealmSwift in Frameworks */,
				E9C85A772573E03300436023 /* Realm in Frameworks */,
				E9C85A4A2573DD7800436023 /* Pods_QBlocker.framework in Frameworks */,
			);
			runOnlyForDeploymentPostprocessing = 0;
		};
/* End PBXFrameworksBuildPhase section */

/* Begin PBXGroup section */
		2832CA291CD688E8001D3373 = {
			isa = PBXGroup;
			children = (
				2832CA341CD688E9001D3373 /* QBlocker */,
				2832CA331CD688E9001D3373 /* Products */,
				67690C1FE916FDD1AE76C543 /* Pods */,
				C81D9C17284A4C49E807ED9E /* Frameworks */,
			);
			sourceTree = "<group>";
		};
		2832CA331CD688E9001D3373 /* Products */ = {
			isa = PBXGroup;
			children = (
				2832CA321CD688E9001D3373 /* QBlocker 1.3 beta 1.app */,
			);
			name = Products;
			sourceTree = "<group>";
		};
		2832CA341CD688E9001D3373 /* QBlocker */ = {
			isa = PBXGroup;
			children = (
				B12B3DD321AEF3AC00BAE6B6 /* QBlocker.entitlements */,
				E9C85A882573E28E00436023 /* AppDelegate.swift */,
				E9C85A982573E2E000436023 /* Class */,
				E9C85A912573E2E000436023 /* Extension */,
				E9C85AA02573E2E000436023 /* UI */,
				2880C4511CD7B37C00545E1F /* Supporting Files */,
				2832CA351CD688E9001D3373 /* AppDelegate.swift */,
				2832CA3B1CD688E9001D3373 /* Main.storyboard */,
			);
			path = QBlocker;
			sourceTree = "<group>";
		};
		2880C4511CD7B37C00545E1F /* Supporting Files */ = {
			isa = PBXGroup;
			children = (
				2832CA391CD688E9001D3373 /* Assets.xcassets */,
				2832CA3E1CD688E9001D3373 /* Info.plist */,
				2879D1171CDA529C00B64F00 /* Bridge.h */,
			);
			name = "Supporting Files";
			sourceTree = "<group>";
		};
		67690C1FE916FDD1AE76C543 /* Pods */ = {
			isa = PBXGroup;
			children = (
				55B461F5EE3BE302188BAC0C /* Pods-QBlocker.debug.xcconfig */,
				A3F762D47D17E2933604A226 /* Pods-QBlocker.release.xcconfig */,
			);
			name = Pods;
			sourceTree = "<group>";
		};
		C81D9C17284A4C49E807ED9E /* Frameworks */ = {
			isa = PBXGroup;
			children = (
				9AE2D0BFC44767B8D2FE86C2 /* Pods_QBlocker.framework */,
			);
			name = Frameworks;
			sourceTree = "<group>";
		};
		E9C85A912573E2E000436023 /* Extension */ = {
			isa = PBXGroup;
			children = (
				E9C85A922573E2E000436023 /* ExcludeViewController+NSTableViewDelegate.swift */,
				E9C85A932573E2E000436023 /* ExcludeViewController+NSTableViewDataSource.swift */,
				E9C85A942573E2E000436023 /* KeyListener+Realm.swift */,
				E9C85A952573E2E000436023 /* NSApplication+LaunchServices */,
			);
			path = Extension;
			sourceTree = "<group>";
		};
		E9C85A952573E2E000436023 /* NSApplication+LaunchServices */ = {
			isa = PBXGroup;
			children = (
				E9C85A962573E2E000436023 /* NSApplication+LaunchServices.m */,
				E9C85A972573E2E000436023 /* NSApplication+LaunchServices.h */,
			);
			path = "NSApplication+LaunchServices";
			sourceTree = "<group>";
		};
		E9C85A982573E2E000436023 /* Class */ = {
			isa = PBXGroup;
			children = (
				E9C85A992573E2E000436023 /* ListMode.swift */,
				E9C85A9A2573E2E000436023 /* KeyListener.swift */,
				E9C85A9B2573E2E000436023 /* KeyListenerError.swift */,
				E9C85A9C2573E2E000436023 /* Delay.swift */,
				E9C85A9D2573E2E000436023 /* CocoaSwiftSupport.swift */,
				E9C85A9E2573E2E000436023 /* AtLogin.swift */,
				E9C85A9F2573E2E000436023 /* App.swift */,
			);
			path = Class;
			sourceTree = "<group>";
		};
		E9C85AA02573E2E000436023 /* UI */ = {
			isa = PBXGroup;
			children = (
				E9C85AA12573E2E000436023 /* WindowController */,
				E9C85AA42573E2E000436023 /* StatusMenuController.swift */,
				E9C85AA52573E2E000436023 /* View */,
				E9C85AA82573E2E000436023 /* ViewController */,
			);
			path = UI;
			sourceTree = "<group>";
		};
		E9C85AA12573E2E000436023 /* WindowController */ = {
			isa = PBXGroup;
			children = (
				E9C85AA22573E2E000436023 /* AccessibilityWindowController.swift */,
				E9C85AA32573E2E000436023 /* ExcludeWindowController.swift */,
			);
			path = WindowController;
			sourceTree = "<group>";
		};
		E9C85AA52573E2E000436023 /* View */ = {
			isa = PBXGroup;
			children = (
				E9C85AA62573E2E000436023 /* HUDView.swift */,
				E9C85AA72573E2E000436023 /* HUDAlert.swift */,
			);
			path = View;
			sourceTree = "<group>";
		};
		E9C85AA82573E2E000436023 /* ViewController */ = {
			isa = PBXGroup;
			children = (
				E9C85AA92573E2E000436023 /* AccessibilityViewController.swift */,
				E9C85AAA2573E2E000436023 /* ExcludeViewController.swift */,
				E9C85AAB2573E2E000436023 /* FirstRunViewController.swift */,
			);
			path = ViewController;
			sourceTree = "<group>";
		};
/* End PBXGroup section */

/* Begin PBXNativeTarget section */
		2832CA311CD688E9001D3373 /* QBlocker */ = {
			isa = PBXNativeTarget;
			buildConfigurationList = 2832CA411CD688E9001D3373 /* Build configuration list for PBXNativeTarget "QBlocker" */;
			buildPhases = (
				845AE1320B9F2B12371D62FC /* [CP] Check Pods Manifest.lock */,
				2832CA2E1CD688E9001D3373 /* Sources */,
				2832CA2F1CD688E9001D3373 /* Frameworks */,
				2832CA301CD688E9001D3373 /* Resources */,
			);
			buildRules = (
			);
			dependencies = (
			);
			name = QBlocker;
			packageProductDependencies = (
				E9C85A762573E03300436023 /* Realm */,
				E9C85A782573E03300436023 /* RealmSwift */,
			);
			productName = QBlocker;
			productReference = 2832CA321CD688E9001D3373 /* QBlocker 1.3 beta 1.app */;
			productType = "com.apple.product-type.application";
		};
/* End PBXNativeTarget section */

/* Begin PBXProject section */
		2832CA2A1CD688E8001D3373 /* Project object */ = {
			isa = PBXProject;
			attributes = {
				LastSwiftUpdateCheck = 0730;
				LastUpgradeCheck = 1220;
				ORGANIZATIONNAME = "Cocoon Development Ltd";
				TargetAttributes = {
					2832CA311CD688E9001D3373 = {
						CreatedOnToolsVersion = 7.3;
						LastSwiftMigration = 1220;
						ProvisioningStyle = Automatic;
						SystemCapabilities = {
							com.apple.HardenedRuntime = {
								enabled = 0;
							};
							com.apple.Sandbox = {
								enabled = 0;
							};
						};
					};
				};
			};
			buildConfigurationList = 2832CA2D1CD688E8001D3373 /* Build configuration list for PBXProject "QBlocker" */;
			compatibilityVersion = "Xcode 3.2";
			developmentRegion = en;
			hasScannedForEncodings = 0;
			knownRegions = (
				en,
				Base,
			);
			mainGroup = 2832CA291CD688E8001D3373;
			packageReferences = (
				E9C85A752573E03300436023 /* XCRemoteSwiftPackageReference "realm-cocoa" */,
			);
			productRefGroup = 2832CA331CD688E9001D3373 /* Products */;
			projectDirPath = "";
			projectRoot = "";
			targets = (
				2832CA311CD688E9001D3373 /* QBlocker */,
			);
		};
/* End PBXProject section */

/* Begin PBXResourcesBuildPhase section */
		2832CA301CD688E9001D3373 /* Resources */ = {
			isa = PBXResourcesBuildPhase;
			buildActionMask = 2147483647;
			files = (
				2832CA3A1CD688E9001D3373 /* Assets.xcassets in Resources */,
				2832CA3D1CD688E9001D3373 /* Main.storyboard in Resources */,
			);
			runOnlyForDeploymentPostprocessing = 0;
		};
/* End PBXResourcesBuildPhase section */

/* Begin PBXShellScriptBuildPhase section */
		845AE1320B9F2B12371D62FC /* [CP] Check Pods Manifest.lock */ = {
			isa = PBXShellScriptBuildPhase;
			buildActionMask = 2147483647;
			files = (
			);
			inputFileListPaths = (
			);
			inputPaths = (
				"${PODS_PODFILE_DIR_PATH}/Podfile.lock",
				"${PODS_ROOT}/Manifest.lock",
			);
			name = "[CP] Check Pods Manifest.lock";
			outputFileListPaths = (
			);
			outputPaths = (
				"$(DERIVED_FILE_DIR)/Pods-QBlocker-checkManifestLockResult.txt",
			);
			runOnlyForDeploymentPostprocessing = 0;
			shellPath = /bin/sh;
			shellScript = "diff \"${PODS_PODFILE_DIR_PATH}/Podfile.lock\" \"${PODS_ROOT}/Manifest.lock\" > /dev/null\nif [ $? != 0 ] ; then\n    # print error to STDERR\n    echo \"error: The sandbox is not in sync with the Podfile.lock. Run 'pod install' or update your CocoaPods installation.\" >&2\n    exit 1\nfi\n# This output is used by Xcode 'outputs' to avoid re-running this script phase.\necho \"SUCCESS\" > \"${SCRIPT_OUTPUT_FILE_0}\"\n";
			showEnvVarsInLog = 0;
		};
/* End PBXShellScriptBuildPhase section */

/* Begin PBXSourcesBuildPhase section */
		2832CA2E1CD688E9001D3373 /* Sources */ = {
			isa = PBXSourcesBuildPhase;
			buildActionMask = 2147483647;
			files = (
				E9C85ABB2573E2E000436023 /* HUDAlert.swift in Sources */,
				E9C85AB62573E2E000436023 /* App.swift in Sources */,
				E9C85AAF2573E2E000436023 /* NSApplication+LaunchServices.m in Sources */,
				E9C85AB92573E2E000436023 /* StatusMenuController.swift in Sources */,
				E9C85AB82573E2E000436023 /* ExcludeWindowController.swift in Sources */,
				E9C85AAE2573E2E000436023 /* KeyListener+Realm.swift in Sources */,
				E9C85AAC2573E2E000436023 /* ExcludeViewController+NSTableViewDelegate.swift in Sources */,
				E9C85AB42573E2E000436023 /* CocoaSwiftSupport.swift in Sources */,
				E9C85AB12573E2E000436023 /* KeyListener.swift in Sources */,
				E9C85ABA2573E2E000436023 /* HUDView.swift in Sources */,
				E9C85AB22573E2E000436023 /* KeyListenerError.swift in Sources */,
				E9C85ABD2573E2E000436023 /* ExcludeViewController.swift in Sources */,
				E9C85A8C2573E28E00436023 /* AppDelegate.swift in Sources */,
				E9C85ABC2573E2E000436023 /* AccessibilityViewController.swift in Sources */,
				E9C85AB02573E2E000436023 /* ListMode.swift in Sources */,
				2832CA361CD688E9001D3373 /* AppDelegate.swift in Sources */,
				E9C85AAD2573E2E000436023 /* ExcludeViewController+NSTableViewDataSource.swift in Sources */,
				E9C85AB52573E2E000436023 /* AtLogin.swift in Sources */,
				E9C85AB72573E2E000436023 /* AccessibilityWindowController.swift in Sources */,
				E9C85AB32573E2E000436023 /* Delay.swift in Sources */,
				E9C85ABE2573E2E000436023 /* FirstRunViewController.swift in Sources */,
			);
			runOnlyForDeploymentPostprocessing = 0;
		};
/* End PBXSourcesBuildPhase section */

/* Begin PBXVariantGroup section */
		2832CA3B1CD688E9001D3373 /* Main.storyboard */ = {
			isa = PBXVariantGroup;
			children = (
				2832CA3C1CD688E9001D3373 /* Base */,
			);
			name = Main.storyboard;
			sourceTree = "<group>";
		};
/* End PBXVariantGroup section */

/* Begin XCBuildConfiguration section */
		2832CA3F1CD688E9001D3373 /* Debug */ = {
			isa = XCBuildConfiguration;
			buildSettings = {
				ALWAYS_SEARCH_USER_PATHS = NO;
				CLANG_ANALYZER_NONNULL = YES;
				CLANG_CXX_LANGUAGE_STANDARD = "gnu++0x";
				CLANG_CXX_LIBRARY = "libc++";
				CLANG_ENABLE_MODULES = YES;
				CLANG_ENABLE_OBJC_ARC = YES;
				CLANG_WARN_BLOCK_CAPTURE_AUTORELEASING = YES;
				CLANG_WARN_BOOL_CONVERSION = YES;
				CLANG_WARN_COMMA = YES;
				CLANG_WARN_CONSTANT_CONVERSION = YES;
				CLANG_WARN_DEPRECATED_OBJC_IMPLEMENTATIONS = YES;
				CLANG_WARN_DIRECT_OBJC_ISA_USAGE = YES_ERROR;
				CLANG_WARN_EMPTY_BODY = YES;
				CLANG_WARN_ENUM_CONVERSION = YES;
				CLANG_WARN_INFINITE_RECURSION = YES;
				CLANG_WARN_INT_CONVERSION = YES;
				CLANG_WARN_NON_LITERAL_NULL_CONVERSION = YES;
				CLANG_WARN_OBJC_IMPLICIT_RETAIN_SELF = YES;
				CLANG_WARN_OBJC_LITERAL_CONVERSION = YES;
				CLANG_WARN_OBJC_ROOT_CLASS = YES_ERROR;
				CLANG_WARN_QUOTED_INCLUDE_IN_FRAMEWORK_HEADER = YES;
				CLANG_WARN_RANGE_LOOP_ANALYSIS = YES;
				CLANG_WARN_STRICT_PROTOTYPES = YES;
				CLANG_WARN_SUSPICIOUS_MOVE = YES;
				CLANG_WARN_UNREACHABLE_CODE = YES;
				CLANG_WARN__DUPLICATE_METHOD_MATCH = YES;
				CODE_SIGN_IDENTITY = "-";
				COPY_PHASE_STRIP = NO;
				DEBUG_INFORMATION_FORMAT = dwarf;
				ENABLE_STRICT_OBJC_MSGSEND = YES;
				ENABLE_TESTABILITY = YES;
				GCC_C_LANGUAGE_STANDARD = gnu99;
				GCC_DYNAMIC_NO_PIC = NO;
				GCC_NO_COMMON_BLOCKS = YES;
				GCC_OPTIMIZATION_LEVEL = 0;
				GCC_PREPROCESSOR_DEFINITIONS = (
					"DEBUG=1",
					"$(inherited)",
				);
				GCC_WARN_64_TO_32_BIT_CONVERSION = YES;
				GCC_WARN_ABOUT_RETURN_TYPE = YES_ERROR;
				GCC_WARN_UNDECLARED_SELECTOR = YES;
				GCC_WARN_UNINITIALIZED_AUTOS = YES_AGGRESSIVE;
				GCC_WARN_UNUSED_FUNCTION = YES;
				GCC_WARN_UNUSED_VARIABLE = YES;
				MACOSX_DEPLOYMENT_TARGET = 10.11;
				MTL_ENABLE_DEBUG_INFO = YES;
				ONLY_ACTIVE_ARCH = YES;
				SDKROOT = macosx;
				SWIFT_OPTIMIZATION_LEVEL = "-Onone";
				SWIFT_VERSION = 4.2;
			};
			name = Debug;
		};
		2832CA401CD688E9001D3373 /* Release */ = {
			isa = XCBuildConfiguration;
			buildSettings = {
				ALWAYS_SEARCH_USER_PATHS = NO;
				CLANG_ANALYZER_NONNULL = YES;
				CLANG_CXX_LANGUAGE_STANDARD = "gnu++0x";
				CLANG_CXX_LIBRARY = "libc++";
				CLANG_ENABLE_MODULES = YES;
				CLANG_ENABLE_OBJC_ARC = YES;
				CLANG_WARN_BLOCK_CAPTURE_AUTORELEASING = YES;
				CLANG_WARN_BOOL_CONVERSION = YES;
				CLANG_WARN_COMMA = YES;
				CLANG_WARN_CONSTANT_CONVERSION = YES;
				CLANG_WARN_DEPRECATED_OBJC_IMPLEMENTATIONS = YES;
				CLANG_WARN_DIRECT_OBJC_ISA_USAGE = YES_ERROR;
				CLANG_WARN_EMPTY_BODY = YES;
				CLANG_WARN_ENUM_CONVERSION = YES;
				CLANG_WARN_INFINITE_RECURSION = YES;
				CLANG_WARN_INT_CONVERSION = YES;
				CLANG_WARN_NON_LITERAL_NULL_CONVERSION = YES;
				CLANG_WARN_OBJC_IMPLICIT_RETAIN_SELF = YES;
				CLANG_WARN_OBJC_LITERAL_CONVERSION = YES;
				CLANG_WARN_OBJC_ROOT_CLASS = YES_ERROR;
				CLANG_WARN_QUOTED_INCLUDE_IN_FRAMEWORK_HEADER = YES;
				CLANG_WARN_RANGE_LOOP_ANALYSIS = YES;
				CLANG_WARN_STRICT_PROTOTYPES = YES;
				CLANG_WARN_SUSPICIOUS_MOVE = YES;
				CLANG_WARN_UNREACHABLE_CODE = YES;
				CLANG_WARN__DUPLICATE_METHOD_MATCH = YES;
				CODE_SIGN_IDENTITY = "-";
				COPY_PHASE_STRIP = NO;
				DEBUG_INFORMATION_FORMAT = "dwarf-with-dsym";
				ENABLE_NS_ASSERTIONS = NO;
				ENABLE_STRICT_OBJC_MSGSEND = YES;
				GCC_C_LANGUAGE_STANDARD = gnu99;
				GCC_NO_COMMON_BLOCKS = YES;
				GCC_WARN_64_TO_32_BIT_CONVERSION = YES;
				GCC_WARN_ABOUT_RETURN_TYPE = YES_ERROR;
				GCC_WARN_UNDECLARED_SELECTOR = YES;
				GCC_WARN_UNINITIALIZED_AUTOS = YES_AGGRESSIVE;
				GCC_WARN_UNUSED_FUNCTION = YES;
				GCC_WARN_UNUSED_VARIABLE = YES;
				MACOSX_DEPLOYMENT_TARGET = 10.11;
				MTL_ENABLE_DEBUG_INFO = NO;
				SDKROOT = macosx;
				SWIFT_COMPILATION_MODE = wholemodule;
				SWIFT_VERSION = 4.2;
			};
			name = Release;
		};
		2832CA421CD688E9001D3373 /* Debug */ = {
			isa = XCBuildConfiguration;
			baseConfigurationReference = 55B461F5EE3BE302188BAC0C /* Pods-QBlocker.debug.xcconfig */;
			buildSettings = {
				ASSETCATALOG_COMPILER_APPICON_NAME = AppIcon;
				CODE_SIGN_IDENTITY = "-";
				CODE_SIGN_INJECT_BASE_ENTITLEMENTS = YES;
				CODE_SIGN_STYLE = Automatic;
				COMBINE_HIDPI_IMAGES = YES;
				DEVELOPMENT_TEAM = "";
				INFOPLIST_FILE = QBlocker/Info.plist;
				LD_RUNPATH_SEARCH_PATHS = (
					"$(inherited)",
					"@executable_path/../Frameworks",
				);
				MACOSX_DEPLOYMENT_TARGET = 10.15;
				PRODUCT_BUNDLE_IDENTIFIER = uk.co.wearecocoon.QBlocker;
				PRODUCT_NAME = "$(TARGET_NAME) 1.3 beta 1";
				PROVISIONING_PROFILE_SPECIFIER = "";
				SWIFT_OBJC_BRIDGING_HEADER = "$(SRCROOT)/QBlocker/Bridge.h";
				SWIFT_VERSION = 5.0;
			};
			name = Debug;
		};
		2832CA431CD688E9001D3373 /* Release */ = {
			isa = XCBuildConfiguration;
			baseConfigurationReference = A3F762D47D17E2933604A226 /* Pods-QBlocker.release.xcconfig */;
			buildSettings = {
				ASSETCATALOG_COMPILER_APPICON_NAME = AppIcon;
				CODE_SIGN_IDENTITY = "-";
				CODE_SIGN_INJECT_BASE_ENTITLEMENTS = YES;
				CODE_SIGN_STYLE = Automatic;
				COMBINE_HIDPI_IMAGES = YES;
				DEVELOPMENT_TEAM = "";
				INFOPLIST_FILE = QBlocker/Info.plist;
				LD_RUNPATH_SEARCH_PATHS = (
					"$(inherited)",
					"@executable_path/../Frameworks",
				);
				MACOSX_DEPLOYMENT_TARGET = 10.15;
				PRODUCT_BUNDLE_IDENTIFIER = uk.co.wearecocoon.QBlocker;
				PRODUCT_NAME = "$(TARGET_NAME) 1.3 beta 1";
				PROVISIONING_PROFILE_SPECIFIER = "";
				SWIFT_OBJC_BRIDGING_HEADER = "$(SRCROOT)/QBlocker/Bridge.h";
				SWIFT_VERSION = 5.0;
			};
			name = Release;
		};
/* End XCBuildConfiguration section */

/* Begin XCConfigurationList section */
		2832CA2D1CD688E8001D3373 /* Build configuration list for PBXProject "QBlocker" */ = {
			isa = XCConfigurationList;
			buildConfigurations = (
				2832CA3F1CD688E9001D3373 /* Debug */,
				2832CA401CD688E9001D3373 /* Release */,
			);
			defaultConfigurationIsVisible = 0;
			defaultConfigurationName = Release;
		};
		2832CA411CD688E9001D3373 /* Build configuration list for PBXNativeTarget "QBlocker" */ = {
			isa = XCConfigurationList;
			buildConfigurations = (
				2832CA421CD688E9001D3373 /* Debug */,
				2832CA431CD688E9001D3373 /* Release */,
			);
			defaultConfigurationIsVisible = 0;
			defaultConfigurationName = Release;
		};
/* End XCConfigurationList section */

/* Begin XCRemoteSwiftPackageReference section */
		E9C85A752573E03300436023 /* XCRemoteSwiftPackageReference "realm-cocoa" */ = {
			isa = XCRemoteSwiftPackageReference;
			repositoryURL = "https://github.com/realm/realm-cocoa.git";
			requirement = {
				kind = upToNextMajorVersion;
				minimumVersion = 10.1.4;
			};
		};
/* End XCRemoteSwiftPackageReference section */

/* Begin XCSwiftPackageProductDependency section */
		E9C85A762573E03300436023 /* Realm */ = {
			isa = XCSwiftPackageProductDependency;
			package = E9C85A752573E03300436023 /* XCRemoteSwiftPackageReference "realm-cocoa" */;
			productName = Realm;
		};
		E9C85A782573E03300436023 /* RealmSwift */ = {
			isa = XCSwiftPackageProductDependency;
			package = E9C85A752573E03300436023 /* XCRemoteSwiftPackageReference "realm-cocoa" */;
			productName = RealmSwift;
		};
/* End XCSwiftPackageProductDependency section */
	};
	rootObject = 2832CA2A1CD688E8001D3373 /* Project object */;
}
